
Microsoft Visual Studio Solution File, Format Version 12.00
# Visual Studio Version 17
VisualStudioVersion = 17.4.33110.190
MinimumVisualStudioVersion = 10.0.40219.1
Project("{FAE04EC0-301F-11D3-BF4B-00C04F79EFBC}") = "Salesman", "Salesman.csproj", "{A7B15725-1713-42DD-8229-3DBD973533D0}"
EndProject
Project("{9A19103F-16F7-4668-BE54-9A1E7A4F7556}") = "TestProject1", "..\..\TestProject1\TestProject1.csproj", "{11042E82-8EFE-4A64-8ED0-AB690C5EB31B}"
EndProject
Global
	GlobalSection(SolutionConfigurationPlatforms) = preSolution
		Debug|Any CPU = Debug|Any CPU
		Release|Any CPU = Release|Any CPU
	EndGlobalSection
	GlobalSection(ProjectConfigurationPlatforms) = postSolution
		{A7B15725-1713-42DD-8229-3DBD973533D0}.Debug|Any CPU.ActiveCfg = Debug|Any CPU
		{A7B15725-1713-42DD-8229-3DBD973533D0}.Debug|Any CPU.Build.0 = Debug|Any CPU
		{A7B15725-1713-42DD-8229-3DBD973533D0}.Release|Any CPU.ActiveCfg = Release|Any CPU
		{A7B15725-1713-42DD-8229-3DBD973533D0}.Release|Any CPU.Build.0 = Release|Any CPU
		{11042E82-8EFE-4A64-8ED0-AB690C5EB31B}.Debug|Any CPU.ActiveCfg = Debug|Any CPU
		{11042E82-8EFE-4A64-8ED0-AB690C5EB31B}.Debug|Any CPU.Build.0 = Debug|Any CPU
		{11042E82-8EFE-4A64-8ED0-AB690C5EB31B}.Release|Any CPU.ActiveCfg = Release|Any CPU
		{11042E82-8EFE-4A64-8ED0-AB690C5EB31B}.Release|Any CPU.Build.0 = Release|Any CPU
	EndGlobalSection
	GlobalSection(SolutionProperties) = preSolution
		HideSolutionNode = FALSE
	EndGlobalSection
	GlobalSection(ExtensibilityGlobals) = postSolution
		SolutionGuid = {8CDCFC18-1800-4570-B7C8-DB8195D4C3C2}
	EndGlobalSection
EndGlobal
